[[package]]
name = "certifi"
version = "2021.5.30"
description = "Python package for providing Mozilla's CA Bundle."
category = "main"
optional = false
python-versions = "*"

[[package]]
name = "chardet"
version = "4.0.0"
description = "Universal encoding detector for Python 2 and 3"
category = "main"
optional = false
python-versions = ">=2.7, !=3.0.*, !=3.1.*, !=3.2.*, !=3.3.*, !=3.4.*"

[[package]]
name = "idna"
version = "2.10"
description = "Internationalized Domain Names in Applications (IDNA)"
category = "main"
optional = false
python-versions = ">=2.7, !=3.0.*, !=3.1.*, !=3.2.*, !=3.3.*"

[[package]]
name = "numpy"
version = "1.21.0"
description = "NumPy is the fundamental package for array computing with Python."
category = "main"
optional = false
python-versions = ">=3.7"

[[package]]
name = "pandas"
version = "1.2.5"
description = "Powerful data structures for data analysis, time series, and statistics"
category = "main"
optional = false
python-versions = ">=3.7.1"

[package.dependencies]
numpy = ">=1.16.5"
python-dateutil = ">=2.7.3"
pytz = ">=2017.3"

[package.extras]
test = ["pytest (>=5.0.1)", "pytest-xdist", "hypothesis (>=3.58)"]

[[package]]
name = "pymongo"
version = "3.11.4"
description = "Python driver for MongoDB <http://www.mongodb.org>"
category = "main"
optional = false
python-versions = "*"

[package.extras]
aws = ["pymongo-auth-aws (<2.0.0)"]
encryption = ["pymongocrypt (<2.0.0)"]
gssapi = ["pykerberos"]
ocsp = ["pyopenssl (>=17.2.0)", "requests (<3.0.0)", "service-identity (>=18.1.0)"]
snappy = ["python-snappy"]
srv = ["dnspython (>=1.16.0,<1.17.0)"]
tls = ["ipaddress"]
zstd = ["zstandard"]

[[package]]
name = "python-dateutil"
version = "2.8.1"
description = "Extensions to the standard Python datetime module"
category = "main"
optional = false
python-versions = "!=3.0.*,!=3.1.*,!=3.2.*,>=2.7"

[package.dependencies]
six = ">=1.5"

[[package]]
name = "pytz"
version = "2021.1"
description = "World timezone definitions, modern and historical"
category = "main"
optional = false
python-versions = "*"

[[package]]
name = "requests"
version = "2.25.1"
description = "Python HTTP for Humans."
category = "main"
optional = false
python-versions = ">=2.7, !=3.0.*, !=3.1.*, !=3.2.*, !=3.3.*, !=3.4.*"

[package.dependencies]
certifi = ">=2017.4.17"
chardet = ">=3.0.2,<5"
idna = ">=2.5,<3"
urllib3 = ">=1.21.1,<1.27"

[package.extras]
security = ["pyOpenSSL (>=0.14)", "cryptography (>=1.3.4)"]
socks = ["PySocks (>=1.5.6,!=1.5.7)", "win-inet-pton"]

[[package]]
name = "six"
version = "1.16.0"
description = "Python 2 and 3 compatibility utilities"
category = "main"
optional = false
python-versions = ">=2.7, !=3.0.*, !=3.1.*, !=3.2.*"

[[package]]
name = "torch"
version = "1.9.0"
description = "Tensors and Dynamic neural networks in Python with strong GPU acceleration"
category = "main"
optional = false
python-versions = ">=3.6.2"

[package.dependencies]
typing-extensions = "*"

[[package]]
name = "torchtext"
version = "0.10.0"
description = "Text utilities and datasets for PyTorch"
category = "main"
optional = false
python-versions = ">=3.5"

[package.dependencies]
numpy = "*"
requests = "*"
torch = "1.9.0"
tqdm = "*"

[[package]]
name = "tqdm"
version = "4.61.1"
description = "Fast, Extensible Progress Meter"
category = "main"
optional = false
python-versions = "!=3.0.*,!=3.1.*,!=3.2.*,!=3.3.*,>=2.7"

[package.extras]
dev = ["py-make (>=0.1.0)", "twine", "wheel"]
notebook = ["ipywidgets (>=6)"]
telegram = ["requests"]

[[package]]
name = "typing-extensions"
version = "3.10.0.0"
description = "Backported and Experimental Type Hints for Python 3.5+"
category = "main"
optional = false
python-versions = "*"

[[package]]
name = "urllib3"
version = "1.26.6"
description = "HTTP library with thread-safe connection pooling, file post, and more."
category = "main"
optional = false
python-versions = ">=2.7, !=3.0.*, !=3.1.*, !=3.2.*, !=3.3.*, !=3.4.*, <4"

[package.extras]
brotli = ["brotlipy (>=0.6.0)"]
secure = ["pyOpenSSL (>=0.14)", "cryptography (>=1.3.4)", "idna (>=2.0.0)", "certifi", "ipaddress"]
socks = ["PySocks (>=1.5.6,!=1.5.7,<2.0)"]

[metadata]
lock-version = "1.1"
python-versions = "^3.8"
content-hash = "b5dc8bd4df80b36464883e52792ad3e19f804e629f7acf4ba3ff8eb178bf2de3"

[metadata.files]
certifi = [
    {file = "certifi-2021.5.30-py2.py3-none-any.whl", hash = "sha256:50b1e4f8446b06f41be7dd6338db18e0990601dce795c2b1686458aa7e8fa7d8"},
    {file = "certifi-2021.5.30.tar.gz", hash = "sha256:2bbf76fd432960138b3ef6dda3dde0544f27cbf8546c458e60baf371917ba9ee"},
]
chardet = [
    {file = "chardet-4.0.0-py2.py3-none-any.whl", hash = "sha256:f864054d66fd9118f2e67044ac8981a54775ec5b67aed0441892edb553d21da5"},
    {file = "chardet-4.0.0.tar.gz", hash = "sha256:0d6f53a15db4120f2b08c94f11e7d93d2c911ee118b6b30a04ec3ee8310179fa"},
]
idna = [
    {file = "idna-2.10-py2.py3-none-any.whl", hash = "sha256:b97d804b1e9b523befed77c48dacec60e6dcb0b5391d57af6a65a312a90648c0"},
    {file = "idna-2.10.tar.gz", hash = "sha256:b307872f855b18632ce0c21c5e45be78c0ea7ae4c15c828c20788b26921eb3f6"},
]
numpy = [
    {file = "numpy-1.21.0-cp37-cp37m-macosx_10_9_x86_64.whl", hash = "sha256:d5caa946a9f55511e76446e170bdad1d12d6b54e17a2afe7b189112ed4412bb8"},
    {file = "numpy-1.21.0-cp37-cp37m-manylinux_2_12_i686.manylinux2010_i686.whl", hash = "sha256:ac4fd578322842dbda8d968e3962e9f22e862b6ec6e3378e7415625915e2da4d"},
    {file = "numpy-1.21.0-cp37-cp37m-manylinux_2_12_x86_64.manylinux2010_x86_64.whl", hash = "sha256:598fe100b2948465cf3ed64b1a326424b5e4be2670552066e17dfaa67246011d"},
    {file = "numpy-1.21.0-cp37-cp37m-manylinux_2_17_aarch64.manylinux2014_aarch64.whl", hash = "sha256:7c55407f739f0bfcec67d0df49103f9333edc870061358ac8a8c9e37ea02fcd2"},
    {file = "numpy-1.21.0-cp37-cp37m-manylinux_2_5_i686.manylinux1_i686.whl", hash = "sha256:75579acbadbf74e3afd1153da6177f846212ea2a0cc77de53523ae02c9256513"},
    {file = "numpy-1.21.0-cp37-cp37m-manylinux_2_5_x86_64.manylinux1_x86_64.whl", hash = "sha256:cc367c86eb87e5b7c9592935620f22d13b090c609f1b27e49600cd033b529f54"},
    {file = "numpy-1.21.0-cp37-cp37m-win32.whl", hash = "sha256:d89b0dc7f005090e32bb4f9bf796e1dcca6b52243caf1803fdd2b748d8561f63"},
    {file = "numpy-1.21.0-cp37-cp37m-win_amd64.whl", hash = "sha256:eda2829af498946c59d8585a9fd74da3f810866e05f8df03a86f70079c7531dd"},
    {file = "numpy-1.21.0-cp38-cp38-macosx_10_9_universal2.whl", hash = "sha256:1a784e8ff7ea2a32e393cc53eb0003eca1597c7ca628227e34ce34eb11645a0e"},
    {file = "numpy-1.21.0-cp38-cp38-macosx_10_9_x86_64.whl", hash = "sha256:bba474a87496d96e61461f7306fba2ebba127bed7836212c360f144d1e72ac54"},
    {file = "numpy-1.21.0-cp38-cp38-macosx_11_0_arm64.whl", hash = "sha256:fd0a359c1c17f00cb37de2969984a74320970e0ceef4808c32e00773b06649d9"},
    {file = "numpy-1.21.0-cp38-cp38-manylinux_2_12_i686.manylinux2010_i686.whl", hash = "sha256:e4d5a86a5257843a18fb1220c5f1c199532bc5d24e849ed4b0289fb59fbd4d8f"},
    {file = "numpy-1.21.0-cp38-cp38-manylinux_2_12_x86_64.manylinux2010_x86_64.whl", hash = "sha256:620732f42259eb2c4642761bd324462a01cdd13dd111740ce3d344992dd8492f"},
    {file = "numpy-1.21.0-cp38-cp38-manylinux_2_17_aarch64.manylinux2014_aarch64.whl", hash = "sha256:b9205711e5440954f861ceeea8f1b415d7dd15214add2e878b4d1cf2bcb1a914"},
    {file = "numpy-1.21.0-cp38-cp38-manylinux_2_5_i686.manylinux1_i686.whl", hash = "sha256:ad09f55cc95ed8d80d8ab2052f78cc21cb231764de73e229140d81ff49d8145e"},
    {file = "numpy-1.21.0-cp38-cp38-manylinux_2_5_x86_64.manylinux1_x86_64.whl", hash = "sha256:a1f2fb2da242568af0271455b89aee0f71e4e032086ee2b4c5098945d0e11cf6"},
    {file = "numpy-1.21.0-cp38-cp38-win32.whl", hash = "sha256:e58ddb53a7b4959932f5582ac455ff90dcb05fac3f8dcc8079498d43afbbde6c"},
    {file = "numpy-1.21.0-cp38-cp38-win_amd64.whl", hash = "sha256:d2910d0a075caed95de1a605df00ee03b599de5419d0b95d55342e9a33ad1fb3"},
    {file = "numpy-1.21.0-cp39-cp39-macosx_10_9_universal2.whl", hash = "sha256:a290989cd671cd0605e9c91a70e6df660f73ae87484218e8285c6522d29f6e38"},
    {file = "numpy-1.21.0-cp39-cp39-macosx_10_9_x86_64.whl", hash = "sha256:3537b967b350ad17633b35c2f4b1a1bbd258c018910b518c30b48c8e41272717"},
    {file = "numpy-1.21.0-cp39-cp39-macosx_11_0_arm64.whl", hash = "sha256:ccc6c650f8700ce1e3a77668bb7c43e45c20ac06ae00d22bdf6760b38958c883"},
    {file = "numpy-1.21.0-cp39-cp39-manylinux_2_12_i686.manylinux2010_i686.whl", hash = "sha256:709884863def34d72b183d074d8ba5cfe042bc3ff8898f1ffad0209161caaa99"},
    {file = "numpy-1.21.0-cp39-cp39-manylinux_2_12_x86_64.manylinux2010_x86_64.whl", hash = "sha256:bebab3eaf0641bba26039fb0b2c5bf9b99407924b53b1ea86e03c32c64ef5aef"},
    {file = "numpy-1.21.0-cp39-cp39-manylinux_2_17_aarch64.manylinux2014_aarch64.whl", hash = "sha256:cf680682ad0a3bef56dae200dbcbac2d57294a73e5b0f9864955e7dd7c2c2491"},
    {file = "numpy-1.21.0-cp39-cp39-win32.whl", hash = "sha256:d95d16204cd51ff1a1c8d5f9958ce90ae190be81d348b514f9be39f878b8044a"},
    {file = "numpy-1.21.0-cp39-cp39-win_amd64.whl", hash = "sha256:2ba579dde0563f47021dcd652253103d6fd66165b18011dce1a0609215b2791e"},
    {file = "numpy-1.21.0-pp37-pypy37_pp73-manylinux_2_12_x86_64.manylinux2010_x86_64.whl", hash = "sha256:3c40e6b860220ed862e8097b8f81c9af6d7405b723f4a7af24a267b46f90e461"},
    {file = "numpy-1.21.0.zip", hash = "sha256:e80fe25cba41c124d04c662f33f6364909b985f2eb5998aaa5ae4b9587242cce"},
]
pandas = [
    {file = "pandas-1.2.5-cp37-cp37m-macosx_10_9_x86_64.whl", hash = "sha256:1102d719038e134e648e7920672188a00375f3908f0383fd3b202fbb9d2c3a95"},
    {file = "pandas-1.2.5-cp37-cp37m-manylinux_2_5_i686.manylinux1_i686.whl", hash = "sha256:38e7486410de23069392bdf1dc7297ae75d2d67531750753f3149c871cd1c6e3"},
    {file = "pandas-1.2.5-cp37-cp37m-manylinux_2_5_x86_64.manylinux1_x86_64.whl", hash = "sha256:94ca6ea3f46f44a979a38a4d5a70a88cee734f7248d7aeeed202e6b3ba485af1"},
    {file = "pandas-1.2.5-cp37-cp37m-win32.whl", hash = "sha256:821d92466fcd2826656374a9b6fe4f2ec2ba5e370cce71d5a990577929d948df"},
    {file = "pandas-1.2.5-cp37-cp37m-win_amd64.whl", hash = "sha256:0dbd125b0e44e5068163cbc9080a00db1756a5e36309329ae14fd259747f2300"},
    {file = "pandas-1.2.5-cp38-cp38-macosx_10_9_x86_64.whl", hash = "sha256:7b09293c7119ab22ab3f7f086f813ac2acbfa3bcaaaeb650f4cddfb5b9fa9be4"},
    {file = "pandas-1.2.5-cp38-cp38-manylinux_2_17_aarch64.manylinux2014_aarch64.whl", hash = "sha256:fc9215dd1dd836ff26b896654e66b2dfcf4bbb18aa4c1089a79bab527b665a90"},
    {file = "pandas-1.2.5-cp38-cp38-manylinux_2_5_i686.manylinux1_i686.whl", hash = "sha256:e36515163829e0e95a6af10820f178dd8768102482c01872bff8ae592e508e58"},
    {file = "pandas-1.2.5-cp38-cp38-manylinux_2_5_x86_64.manylinux1_x86_64.whl", hash = "sha256:0c34b89215f984a9e4956446e0a29330d720085efa08ea72022387ee37d8b373"},
    {file = "pandas-1.2.5-cp38-cp38-win32.whl", hash = "sha256:f20e4b8a7909f5a0c0a9e745091e3ea18b45af9f73496a4d498688badbdac7ea"},
    {file = "pandas-1.2.5-cp38-cp38-win_amd64.whl", hash = "sha256:9244fb0904512b074d8c6362fb13aac1da6c4db94372760ddb2565c620240264"},
    {file = "pandas-1.2.5-cp39-cp39-macosx_10_9_x86_64.whl", hash = "sha256:c862cd72353921c102166784fc4db749f1c3b691dd017fc36d9df2c67a9afe4e"},
    {file = "pandas-1.2.5-cp39-cp39-manylinux_2_17_aarch64.manylinux2014_aarch64.whl", hash = "sha256:d9e6edddeac9a8e473391d2d2067bb3c9dc7ad79fd137af26a39ee425c2b4c78"},
    {file = "pandas-1.2.5-cp39-cp39-manylinux_2_5_i686.manylinux1_i686.whl", hash = "sha256:a67227e17236442c6bc31c02cb713b5277b26eee204eac14b5aecba52492e3a3"},
    {file = "pandas-1.2.5-cp39-cp39-manylinux_2_5_x86_64.manylinux1_x86_64.whl", hash = "sha256:4bfbf62b00460f78a8bc4407112965c5ab44324f34551e8e1f4cac271a07706c"},
    {file = "pandas-1.2.5-cp39-cp39-win32.whl", hash = "sha256:25fc8ef6c6beb51c9224284a1ad89dfb591832f23ceff78845f182de35c52356"},
    {file = "pandas-1.2.5-cp39-cp39-win_amd64.whl", hash = "sha256:78de96c1174bcfdbe8dece9c38c2d7994e407fd8bb62146bb46c61294bcc06ef"},
    {file = "pandas-1.2.5.tar.gz", hash = "sha256:14abb8ea73fce8aebbb1fb44bec809163f1c55241bcc1db91c2c780e97265033"},
]
pymongo = [
    {file = "pymongo-3.11.4-cp27-cp27m-macosx_10_14_intel.whl", hash = "sha256:b7efc7e7049ef366777cfd35437c18a4166bb50a5606a1c840ee3b9624b54fc9"},
    {file = "pymongo-3.11.4-cp27-cp27m-manylinux1_i686.whl", hash = "sha256:517ba47ca04a55b1f50ee8df9fd97f6c37df5537d118fb2718952b8623860466"},
    {file = "pymongo-3.11.4-cp27-cp27m-manylinux1_x86_64.whl", hash = "sha256:225c61e08fe517aede7912937939e09adf086c8e6f7e40d4c85ad678c2c2aea3"},
    {file = "pymongo-3.11.4-cp27-cp27m-win32.whl", hash = "sha256:e4e9db78b71db2b1684ee4ecc3e32c4600f18cdf76e6b9ae03e338e52ee4b168"},
    {file = "pymongo-3.11.4-cp27-cp27m-win_amd64.whl", hash = "sha256:8e0004b0393d72d76de94b4792a006cb960c1c65c7659930fbf9a81ce4341982"},
    {file = "pymongo-3.11.4-cp27-cp27mu-manylinux1_i686.whl", hash = "sha256:fedf0dee7a412ca6d1d6d92c158fe9cbaa8ea0cae90d268f9ccc0744de7a97d0"},
    {file = "pymongo-3.11.4-cp27-cp27mu-manylinux1_x86_64.whl", hash = "sha256:f947b359cc4769af8b49be7e37af01f05fcf15b401da2528021148e4a54426d1"},
    {file = "pymongo-3.11.4-cp34-cp34m-macosx_10_6_intel.whl", hash = "sha256:3a3498a8326111221560e930f198b495ea6926937e249f475052ffc6893a6680"},
    {file = "pymongo-3.11.4-cp34-cp34m-manylinux1_i686.whl", hash = "sha256:9a4f6e0b01df820ba9ed0b4e618ca83a1c089e48d4f268d0e00dcd49893d4549"},
    {file = "pymongo-3.11.4-cp34-cp34m-manylinux1_x86_64.whl", hash = "sha256:d65bac5f6724d9ea6f0b5a0f0e4952fbbf209adcf6b5583b54c54bd2fcd74dc0"},
    {file = "pymongo-3.11.4-cp34-cp34m-win32.whl", hash = "sha256:15b083d1b789b230e5ac284442d9ecb113c93f3785a6824f748befaab803b812"},
    {file = "pymongo-3.11.4-cp34-cp34m-win_amd64.whl", hash = "sha256:f08665d3cc5abc2f770f472a9b5f720a9b3ab0b8b3bb97c7c1487515e5653d39"},
    {file = "pymongo-3.11.4-cp35-cp35m-macosx_10_6_intel.whl", hash = "sha256:977b1d4f868986b4ba5d03c317fde4d3b66e687d74473130cd598e3103db34fa"},
    {file = "pymongo-3.11.4-cp35-cp35m-manylinux1_i686.whl", hash = "sha256:510cd3bfabb63a07405b7b79fae63127e34c118b7531a2cbbafc7a24fd878594"},
    {file = "pymongo-3.11.4-cp35-cp35m-manylinux1_x86_64.whl", hash = "sha256:071552b065e809d24c5653fcc14968cfd6fde4e279408640d5ac58e3353a3c5f"},
    {file = "pymongo-3.11.4-cp35-cp35m-manylinux2014_aarch64.whl", hash = "sha256:f4ba58157e8ae33ee86fadf9062c506e535afd904f07f9be32731f4410a23b7f"},
    {file = "pymongo-3.11.4-cp35-cp35m-manylinux2014_i686.whl", hash = "sha256:b413117210fa6d92664c3d860571e8e8727c3e8f2ff197276c5d0cb365abd3ad"},
    {file = "pymongo-3.11.4-cp35-cp35m-manylinux2014_ppc64le.whl", hash = "sha256:08b8723248730599c9803ae4c97b8f3f76c55219104303c88cb962a31e3bb5ee"},
    {file = "pymongo-3.11.4-cp35-cp35m-manylinux2014_s390x.whl", hash = "sha256:8a41fdc751dc4707a4fafb111c442411816a7c225ebb5cadb57599534b5d5372"},
    {file = "pymongo-3.11.4-cp35-cp35m-manylinux2014_x86_64.whl", hash = "sha256:f664ed7613b8b18f0ce5696b146776266a038c19c5cd6efffa08ecc189b01b73"},
    {file = "pymongo-3.11.4-cp35-cp35m-win32.whl", hash = "sha256:5c36428cc4f7fae56354db7f46677fd21222fc3cb1e8829549b851172033e043"},
    {file = "pymongo-3.11.4-cp35-cp35m-win_amd64.whl", hash = "sha256:d0a70151d7de8a3194cdc906bcc1a42e14594787c64b0c1c9c975e5a2af3e251"},
    {file = "pymongo-3.11.4-cp36-cp36m-macosx_10_6_intel.whl", hash = "sha256:9b9298964389c180a063a9e8bac8a80ed42de11d04166b20249bfa0a489e0e0f"},
    {file = "pymongo-3.11.4-cp36-cp36m-manylinux1_i686.whl", hash = "sha256:b2f41261b648cf5dee425f37ff14f4ad151c2f24b827052b402637158fd056ef"},
    {file = "pymongo-3.11.4-cp36-cp36m-manylinux1_x86_64.whl", hash = "sha256:e02beaab433fd1104b2804f909e694cfbdb6578020740a9051597adc1cd4e19f"},
    {file = "pymongo-3.11.4-cp36-cp36m-manylinux2014_aarch64.whl", hash = "sha256:8898f6699f740ca93a0879ed07d8e6db02d68af889d0ebb3d13ab017e6b1af1e"},
    {file = "pymongo-3.11.4-cp36-cp36m-manylinux2014_i686.whl", hash = "sha256:62c29bc36a6d9be68fe7b5aaf1e120b4aa66a958d1e146601fcd583eb12cae7b"},
    {file = "pymongo-3.11.4-cp36-cp36m-manylinux2014_ppc64le.whl", hash = "sha256:424799c71ff435094e5fb823c40eebb4500f0e048133311e9c026467e8ccebac"},
    {file = "pymongo-3.11.4-cp36-cp36m-manylinux2014_s390x.whl", hash = "sha256:3551912f5c34d8dd7c32c6bb00ae04192af47f7b9f653608f107d19c1a21a194"},
    {file = "pymongo-3.11.4-cp36-cp36m-manylinux2014_x86_64.whl", hash = "sha256:5db59223ed1e634d842a053325f85f908359c6dac9c8ddce8ef145061fae7df8"},
    {file = "pymongo-3.11.4-cp36-cp36m-win32.whl", hash = "sha256:fea5cb1c63efe1399f0812532c7cf65458d38fd011be350bc5021dfcac39fba8"},
    {file = "pymongo-3.11.4-cp36-cp36m-win_amd64.whl", hash = "sha256:d4e62417e89b717a7bcd8576ac3108cd063225942cc91c5b37ff5465fdccd386"},
    {file = "pymongo-3.11.4-cp37-cp37m-macosx_10_6_intel.whl", hash = "sha256:4c7e8c8e1e1918dcf6a652ac4b9d87164587c26fd2ce5dd81e73a5ab3b3d492f"},
    {file = "pymongo-3.11.4-cp37-cp37m-manylinux1_i686.whl", hash = "sha256:38a7b5140a48fc91681cdb5cb95b7cd64640b43d19259fdd707fa9d5a715f2b2"},
    {file = "pymongo-3.11.4-cp37-cp37m-manylinux1_x86_64.whl", hash = "sha256:aff3656af2add93f290731a6b8930b23b35c0c09569150130a58192b3ec6fc61"},
    {file = "pymongo-3.11.4-cp37-cp37m-manylinux2014_aarch64.whl", hash = "sha256:03be7ad107d252bb7325d4af6309fdd2c025d08854d35f0e7abc8bf048f4245e"},
    {file = "pymongo-3.11.4-cp37-cp37m-manylinux2014_i686.whl", hash = "sha256:6060794aac9f7b0644b299f46a9c6cbc0bc470bd01572f4134df140afd41ded6"},
    {file = "pymongo-3.11.4-cp37-cp37m-manylinux2014_ppc64le.whl", hash = "sha256:73326b211e7410c8bd6a74500b1e3f392f39cf10862e243d00937e924f112c01"},
    {file = "pymongo-3.11.4-cp37-cp37m-manylinux2014_s390x.whl", hash = "sha256:20d75ea11527331a2980ab04762a9d960bcfea9475c54bbeab777af880de61cd"},
    {file = "pymongo-3.11.4-cp37-cp37m-manylinux2014_x86_64.whl", hash = "sha256:3135dd574ef1286189f3f04a36c8b7a256376914f8cbbce66b94f13125ded858"},
    {file = "pymongo-3.11.4-cp37-cp37m-win32.whl", hash = "sha256:7c97554ea521f898753d9773891d0347ebfaddcc1dee2ad94850b163171bf1f1"},
    {file = "pymongo-3.11.4-cp37-cp37m-win_amd64.whl", hash = "sha256:a08c8b322b671857c81f4c30cd3c8df2895fd3c0e9358714f39e0ef8fb327702"},
    {file = "pymongo-3.11.4-cp38-cp38-macosx_10_9_x86_64.whl", hash = "sha256:f3d851af3852f16ad4adc7ee054fd9c90a7a5063de94d815b7f6a88477b9f4c6"},
    {file = "pymongo-3.11.4-cp38-cp38-manylinux1_i686.whl", hash = "sha256:3bfc7689a1bacb9bcd2f2d5185d99507aa29f667a58dd8adaa43b5a348139e46"},
    {file = "pymongo-3.11.4-cp38-cp38-manylinux1_x86_64.whl", hash = "sha256:b8f94acd52e530a38f25e4d5bf7ddfdd4bea9193e718f58419def0d4406b58d3"},
    {file = "pymongo-3.11.4-cp38-cp38-manylinux2014_aarch64.whl", hash = "sha256:e4b631688dfbdd61b5610e20b64b99d25771c6d52d9da73349342d2a0f11c46a"},
    {file = "pymongo-3.11.4-cp38-cp38-manylinux2014_i686.whl", hash = "sha256:474e21d0e07cd09679e357d1dac76e570dab86665e79a9d3354b10a279ac6fb3"},
    {file = "pymongo-3.11.4-cp38-cp38-manylinux2014_ppc64le.whl", hash = "sha256:421d13523d11c57f57f257152bc4a6bb463aadf7a3918e9c96fefdd6be8dbfb8"},
    {file = "pymongo-3.11.4-cp38-cp38-manylinux2014_s390x.whl", hash = "sha256:0cabfc297f4cf921f15bc789a8fbfd7115eb9f813d3f47a74b609894bc66ab0d"},
    {file = "pymongo-3.11.4-cp38-cp38-manylinux2014_x86_64.whl", hash = "sha256:fe4189846448df013cd9df11bba38ddf78043f8c290a9f06430732a7a8601cce"},
    {file = "pymongo-3.11.4-cp38-cp38-win32.whl", hash = "sha256:eb4d176394c37a76e8b0afe54b12d58614a67a60a7f8c0dd3a5afbb013c01092"},
    {file = "pymongo-3.11.4-cp38-cp38-win_amd64.whl", hash = "sha256:fffff7bfb6799a763d3742c59c6ee7ffadda21abed557637bc44ed1080876484"},
    {file = "pymongo-3.11.4-cp39-cp39-macosx_10_9_x86_64.whl", hash = "sha256:13acf6164ead81c9fc2afa0e1ea6d6134352973ce2bb35496834fee057063c04"},
    {file = "pymongo-3.11.4-cp39-cp39-manylinux1_i686.whl", hash = "sha256:d360e5d5dd3d55bf5d1776964625018d85b937d1032bae1926dd52253decd0db"},
    {file = "pymongo-3.11.4-cp39-cp39-manylinux1_x86_64.whl", hash = "sha256:0aaf4d44f1f819360f9432df538d54bbf850f18152f34e20337c01b828479171"},
    {file = "pymongo-3.11.4-cp39-cp39-manylinux2014_aarch64.whl", hash = "sha256:08bda7b2c522ff9f1e554570da16298271ebb0c56ab9699446aacba249008988"},
    {file = "pymongo-3.11.4-cp39-cp39-manylinux2014_i686.whl", hash = "sha256:1a994a42f49dab5b6287e499be7d3d2751776486229980d8857ad53b8333d469"},
    {file = "pymongo-3.11.4-cp39-cp39-manylinux2014_ppc64le.whl", hash = "sha256:161fcd3281c42f644aa8dec7753cca2af03ce654e17d76da4f0dab34a12480ca"},
    {file = "pymongo-3.11.4-cp39-cp39-manylinux2014_s390x.whl", hash = "sha256:78f07961f4f214ea8e80be63cffd5cc158eb06cd922ffbf6c7155b11728f28f9"},
    {file = "pymongo-3.11.4-cp39-cp39-manylinux2014_x86_64.whl", hash = "sha256:ad31f184dcd3271de26ab1f9c51574afb99e1b0e484ab1da3641256b723e4994"},
    {file = "pymongo-3.11.4-cp39-cp39-win32.whl", hash = "sha256:5e606846c049ed40940524057bfdf1105af6066688c0e6a1a3ce2038589bae70"},
    {file = "pymongo-3.11.4-cp39-cp39-win_amd64.whl", hash = "sha256:3491c7de09e44eded16824cb58cf9b5cc1dc6f066a0bb7aa69929d02aa53b828"},
    {file = "pymongo-3.11.4-py2.7-macosx-10.14-intel.egg", hash = "sha256:506a6dab4c7ffdcacdf0b8e70bd20eb2e77fa994519547c9d88d676400fcad58"},
    {file = "pymongo-3.11.4.tar.gz", hash = "sha256:539d4cb1b16b57026999c53e5aab857fe706e70ae5310cc8c232479923f932e6"},
]
python-dateutil = [
    {file = "python-dateutil-2.8.1.tar.gz", hash = "sha256:73ebfe9dbf22e832286dafa60473e4cd239f8592f699aa5adaf10050e6e1823c"},
    {file = "python_dateutil-2.8.1-py2.py3-none-any.whl", hash = "sha256:75bb3f31ea686f1197762692a9ee6a7550b59fc6ca3a1f4b5d7e32fb98e2da2a"},
]
pytz = [
    {file = "pytz-2021.1-py2.py3-none-any.whl", hash = "sha256:eb10ce3e7736052ed3623d49975ce333bcd712c7bb19a58b9e2089d4057d0798"},
    {file = "pytz-2021.1.tar.gz", hash = "sha256:83a4a90894bf38e243cf052c8b58f381bfe9a7a483f6a9cab140bc7f702ac4da"},
]
requests = [
    {file = "requests-2.25.1-py2.py3-none-any.whl", hash = "sha256:c210084e36a42ae6b9219e00e48287def368a26d03a048ddad7bfee44f75871e"},
    {file = "requests-2.25.1.tar.gz", hash = "sha256:27973dd4a904a4f13b263a19c866c13b92a39ed1c964655f025f3f8d3d75b804"},
]
six = [
    {file = "six-1.16.0-py2.py3-none-any.whl", hash = "sha256:8abb2f1d86890a2dfb989f9a77cfcfd3e47c2a354b01111771326f8aa26e0254"},
    {file = "six-1.16.0.tar.gz", hash = "sha256:1e61c37477a1626458e36f7b1d82aa5c9b094fa4802892072e49de9c60c4c926"},
]
torch = [
    {file = "torch-1.9.0-cp36-cp36m-manylinux1_x86_64.whl", hash = "sha256:3a2d070cf28860d285d4ab156f3954c0c1d12f4c037aa312a7c029227c0d106b"},
    {file = "torch-1.9.0-cp36-cp36m-manylinux2014_aarch64.whl", hash = "sha256:b296e65e25081af147af936f1e3a1f17f583a9afacfa5309742678ffef728ace"},
    {file = "torch-1.9.0-cp36-cp36m-win_amd64.whl", hash = "sha256:117098d4924b260a24a47c6b3fe37f2ae41f04a2ea2eff9f553ae9210b12fa54"},
    {file = "torch-1.9.0-cp36-none-macosx_10_9_x86_64.whl", hash = "sha256:d6103b9a634993bd967337a1149f9d8b23922f42a3660676239399e15c1b4515"},
    {file = "torch-1.9.0-cp37-cp37m-manylinux1_x86_64.whl", hash = "sha256:0164673908e6b291ace592d382eba3e258b3bad009b8078cad8f3b9e00d8f23e"},
    {file = "torch-1.9.0-cp37-cp37m-manylinux2014_aarch64.whl", hash = "sha256:52548b45efff772fe3810fe91daf34f981ac0ca1a7227f6226fd5693f53b5b88"},
    {file = "torch-1.9.0-cp37-cp37m-win_amd64.whl", hash = "sha256:62c0a7e433681d0861494d1ede96d2485e4dbb3ea8fd867e8419addebf5de1af"},
    {file = "torch-1.9.0-cp37-none-macosx_10_9_x86_64.whl", hash = "sha256:d88333091fd1627894bbf0d6dcef58a90e36bdf0d90a5d4675b5e07e72075511"},
    {file = "torch-1.9.0-cp38-cp38-manylinux1_x86_64.whl", hash = "sha256:1d8139dcc864f48dc316376384f50e47a459284ad1cb84449242f4964e25aaec"},
    {file = "torch-1.9.0-cp38-cp38-manylinux2014_aarch64.whl", hash = "sha256:0aa4cca3f16fab40cb8dae6a49d0eccdc8f4ead9d1a6428cd9ba12befe082b2a"},
    {file = "torch-1.9.0-cp38-cp38-win_amd64.whl", hash = "sha256:646de1bef85d6c7590e98f8ea52e47acdcf58330982e4f5d73f5ca28dea2d552"},
    {file = "torch-1.9.0-cp38-none-macosx_10_9_x86_64.whl", hash = "sha256:e596f0105f748cf09d4763152d8157aaf58d5231232eaf2c5673d4562ba86ad3"},
    {file = "torch-1.9.0-cp38-none-macosx_11_0_arm64.whl", hash = "sha256:ecc7193fff7741ced3db1f760666c8454d6664956288c54d1b49613b987a42f4"},
    {file = "torch-1.9.0-cp39-cp39-manylinux1_x86_64.whl", hash = "sha256:95eeec3a6c42fd35aca552777b7d9979ed489760423de97c0118a45e849a61f4"},
    {file = "torch-1.9.0-cp39-cp39-manylinux2014_aarch64.whl", hash = "sha256:8a2b2012b3c7d6019e189496688fa77de7029a220840b406d8302d1c8021a11c"},
    {file = "torch-1.9.0-cp39-cp39-win_amd64.whl", hash = "sha256:7e2b14fe5b3a8266cbe2f6740c0195497507974ced7bc21e99971561913a0c28"},
    {file = "torch-1.9.0-cp39-none-macosx_10_9_x86_64.whl", hash = "sha256:0a9e74b5057463ce4e55d9332a5670993fc9e1299c52e1740e505eda106fb355"},
    {file = "torch-1.9.0-cp39-none-macosx_11_0_arm64.whl", hash = "sha256:569ead6ae6bb0e636df0fc8af660ef03260e630dc5f2f4cf3198027e7b6bb481"},
]
torchtext = [
    {file = "torchtext-0.10.0-cp36-cp36m-macosx_10_9_x86_64.whl", hash = "sha256:b9a32d09b873b61dcee4c0db31aab0a2cbd2f3c5536a3b222d21397b56e4e0ed"},
    {file = "torchtext-0.10.0-cp36-cp36m-manylinux1_x86_64.whl", hash = "sha256:cc155527ca5d9cb5b003af08cfa414a03c1ac46a7826cca1710aa3bf93ec594b"},
    {file = "torchtext-0.10.0-cp36-cp36m-win_amd64.whl", hash = "sha256:17ac222daf2ba9d1a7b582aa46c0b6d9e1637337101af54ce929bab2c6499b7a"},
    {file = "torchtext-0.10.0-cp37-cp37m-macosx_10_9_x86_64.whl", hash = "sha256:e0d4436f6e28197ce98d77a7acb3d2d6cc0ce71da010a20baf4b60090fb09e9e"},
    {file = "torchtext-0.10.0-cp37-cp37m-manylinux1_x86_64.whl", hash = "sha256:c906e691e0f98cdbbb902d9fc2ed337d56b48a1e0bdb13d0f6d8ec25b5b9a19e"},
    {file = "torchtext-0.10.0-cp37-cp37m-win_amd64.whl", hash = "sha256:5e909b51d981a2d813f6ecad7b283511e980dcafd5bb414544639b2ebedf5370"},
    {file = "torchtext-0.10.0-cp38-cp38-macosx_10_9_x86_64.whl", hash = "sha256:e83f01739947661d4f5ef1bf1f120a1a3691387aaa404725bb5c8bf935e424c5"},
    {file = "torchtext-0.10.0-cp38-cp38-macosx_11_0_arm64.whl", hash = "sha256:2f5dc58b9cb260e512388096699e32e47eeb25e31cc80d07dfec58dc3d2edfaa"},
    {file = "torchtext-0.10.0-cp38-cp38-manylinux1_x86_64.whl", hash = "sha256:ed6ab4f26efe90b799e191be5204614eb9c03daed36cdedd8ec83a3ab361bf80"},
    {file = "torchtext-0.10.0-cp38-cp38-win_amd64.whl", hash = "sha256:34022c1e313ee03a9207889fa56e60a610596f0f4128ad2201b9a9d5e28d6c9a"},
    {file = "torchtext-0.10.0-cp39-cp39-macosx_10_9_x86_64.whl", hash = "sha256:89af06302db8567c483888f37e1eea190dce798694b32fab400ba5f9b8a4f2de"},
    {file = "torchtext-0.10.0-cp39-cp39-macosx_11_0_arm64.whl", hash = "sha256:3ae94b5a12e4b5613f4498b25043fa88d0be7667298cdf99cd3e525104469578"},
    {file = "torchtext-0.10.0-cp39-cp39-manylinux1_x86_64.whl", hash = "sha256:2697ec1af45165a915e6be1497942e0fca5029a77d054b2d6e3848170200a3a7"},
    {file = "torchtext-0.10.0-cp39-cp39-win_amd64.whl", hash = "sha256:0d7ec960d73e54a1960b71f53e17342795696fca794769e959dcf89f319cbc90"},
]
tqdm = [
    {file = "tqdm-4.61.1-py2.py3-none-any.whl", hash = "sha256:aa0c29f03f298951ac6318f7c8ce584e48fa22ec26396e6411e43d038243bdb2"},
    {file = "tqdm-4.61.1.tar.gz", hash = "sha256:24be966933e942be5f074c29755a95b315c69a91f839a29139bf26ffffe2d3fd"},
]
typing-extensions = [
    {file = "typing_extensions-3.10.0.0-py2-none-any.whl", hash = "sha256:0ac0f89795dd19de6b97debb0c6af1c70987fd80a2d62d1958f7e56fcc31b497"},
    {file = "typing_extensions-3.10.0.0-py3-none-any.whl", hash = "sha256:779383f6086d90c99ae41cf0ff39aac8a7937a9283ce0a414e5dd782f4c94a84"},
    {file = "typing_extensions-3.10.0.0.tar.gz", hash = "sha256:50b6f157849174217d0656f99dc82fe932884fb250826c18350e159ec6cdf342"},
]
urllib3 = [
    {file = "urllib3-1.26.6-py2.py3-none-any.whl", hash = "sha256:39fb8672126159acb139a7718dd10806104dec1e2f0f6c88aab05d17df10c8d4"},
    {file = "urllib3-1.26.6.tar.gz", hash = "sha256:f57b4c16c62fa2760b7e3d97c35b255512fb6b59a259730f36ba32ce9f8e342f"},
]
